{
  "name": "app",
  "version": "1.0.0",
  "lockfileVersion": 1,
  "requires": true,
  "dependencies": {
    "lion-lib-feyil": {
      "version": "1.1.0",
      "resolved": "https://registry.npmjs.org/lion-lib-feyil/-/lion-lib-feyil-1.1.0.tgz",
      "integrity": "sha512-P52nuQjamSlwKD4hm4+ClIQpsjrV3BoZmM5Rte2lc1uCx1+k9gC5gDIdJLrrCERj64jIgljsBb5IN67/PdtUdg=="
    }
  }
}
